// !$*UTF8*$!
{
	archiveVersion = 1;
	classes = {
	};
	objectVersion = 77;
	objects = {

/* Begin PBXBuildFile section */
		3856AD032F2CA37700CC610B /* run-ios-sim.sh in Resources */ = {isa = PBXBuildFile; fileRef = 3856AD022F2CA36D00CC610B /* run-ios-sim.sh */; };
		3856AD152F2DD47E00CC610B /* RootView.swift in Sources */ = {isa = PBXBuildFile; fileRef = 3856AD0F2F2CA55500CC610B /* RootView.swift */; };
		3856AD162F2DD48400CC610B /* SmartTutorApp.swift in Sources */ = {isa = PBXBuildFile; fileRef = 3856AD0E2F2CA53C00CC610B /* SmartTutorApp.swift */; };
		3856AD172F2DD48900CC610B /* CanvasSandboxView.swift in Sources */ = {isa = PBXBuildFile; fileRef = 3856AD112F2CA57800CC610B /* CanvasSandboxView.swift */; };
		3856AD182F2DD48E00CC610B /* ExercisesHomeView.swift in Sources */ = {isa = PBXBuildFile; fileRef = 3856AD122F2CA71600CC610B /* ExercisesHomeView.swift */; };
		38E5B2612F489508004B0B2E /* AppConfig.swift in Sources */ = {isa = PBXBuildFile; fileRef = 38E5B2602F489508004B0B2E /* AppConfig.swift */; };
		38E5B2652F48952C004B0B2E /* TriangleModels.swift in Sources */ = {isa = PBXBuildFile; fileRef = 38E5B2642F48952C004B0B2E /* TriangleModels.swift */; };
		38E5B2662F48952C004B0B2E /* ChatMessage.swift in Sources */ = {isa = PBXBuildFile; fileRef = 38E5B2622F48952C004B0B2E /* ChatMessage.swift */; };
		38E5B2672F48952C004B0B2E /* TriangleAPI.swift in Sources */ = {isa = PBXBuildFile; fileRef = 38E5B2632F48952C004B0B2E /* TriangleAPI.swift */; };
		38E5B2682F4899B9004B0B2E /* Color+App.swift in Sources */ = {isa = PBXBuildFile; fileRef = 38E5B2692F4899B9004B0B2E /* Color+App.swift */; };
		38E5B2892F4899ED004B0B2E /* TriangleDiagramView.swift in Sources */ = {isa = PBXBuildFile; fileRef = 38E5B2882F4899ED004B0B2E /* TriangleDiagramView.swift */; };
		38E5B28E2F48ACC0004B0B2E /* TriangleSnapshotter.swift in Sources */ = {isa = PBXBuildFile; fileRef = 38E5B28D2F48ACC0004B0B2E /* TriangleSnapshotter.swift */; };
		38E5B28F2F48ACC0004B0B2E /* TriangleAIChecker.swift in Sources */ = {isa = PBXBuildFile; fileRef = 38E5B28C2F48ACC0004B0B2E /* TriangleAIChecker.swift */; };
		38E5B2932F49D067004B0B2E /* VisionPipeline.swift in Sources */ = {isa = PBXBuildFile; fileRef = 38E5B2922F49D067004B0B2E /* VisionPipeline.swift */; };
		38E5B2A92F4D81AB004B0B2E /* CurriculumGraph.swift in Sources */ = {isa = PBXBuildFile; fileRef = 38E5B2A62F4D81AB004B0B2E /* CurriculumGraph.swift */; };
		38E5B2AA2F4D81AB004B0B2E /* MasteryEngine.swift in Sources */ = {isa = PBXBuildFile; fileRef = 38E5B2A72F4D81AB004B0B2E /* MasteryEngine.swift */; };
		38E5B2AB2F4D81AB004B0B2E /* StubQuestionProvider.swift in Sources */ = {isa = PBXBuildFile; fileRef = 38E5B2A82F4D81AB004B0B2E /* StubQuestionProvider.swift */; };
		38E5B2AF2F4D81AB004B0B2E /* ValidatedLLMQuestionProvider.swift in Sources */ = {isa = PBXBuildFile; fileRef = 38E5B2AE2F4D81AB004B0B2E /* ValidatedLLMQuestionProvider.swift */; };
		38E5B2AD2F4D8804004B0B2E /* PRD.md in Resources */ = {isa = PBXBuildFile; fileRef = 38E5B2AC2F4D8804004B0B2E /* PRD.md */; };
		38F100012F50000100AA0001 /* LearnerSession.swift in Sources */ = {isa = PBXBuildFile; fileRef = 38F100112F50000100AA0001 /* LearnerSession.swift */; };
		38F100022F50000100AA0001 /* LearnerSessionStore.swift in Sources */ = {isa = PBXBuildFile; fileRef = 38F100122F50000100AA0001 /* LearnerSessionStore.swift */; };
		38F100032F50000100AA0001 /* OnboardingFlowView.swift in Sources */ = {isa = PBXBuildFile; fileRef = 38F100132F50000100AA0001 /* OnboardingFlowView.swift */; };
		38F100042F50000100AA0001 /* GradeSelectionView.swift in Sources */ = {isa = PBXBuildFile; fileRef = 38F100142F50000100AA0001 /* GradeSelectionView.swift */; };
		38F100052F50000100AA0001 /* TopicSelectionView.swift in Sources */ = {isa = PBXBuildFile; fileRef = 38F100152F50000100AA0001 /* TopicSelectionView.swift */; };
/* End PBXBuildFile section */

/* Begin PBXContainerItemProxy section */
		3856ACE42F2CA2DC00CC610B /* PBXContainerItemProxy */ = {
			isa = PBXContainerItemProxy;
			containerPortal = 3856ACCE2F2CA2DB00CC610B /* Project object */;
			proxyType = 1;
			remoteGlobalIDString = 3856ACD52F2CA2DB00CC610B;
			remoteInfo = SmartTutor;
		};
		3856ACEE2F2CA2DC00CC610B /* PBXContainerItemProxy */ = {
			isa = PBXContainerItemProxy;
			containerPortal = 3856ACCE2F2CA2DB00CC610B /* Project object */;
			proxyType = 1;
			remoteGlobalIDString = 3856ACD52F2CA2DB00CC610B;
			remoteInfo = SmartTutor;
		};
/* End PBXContainerItemProxy section */

/* Begin PBXFileReference section */
		3856ACD62F2CA2DB00CC610B /* SmartTutor.app */ = {isa = PBXFileReference; explicitFileType = wrapper.application; includeInIndex = 0; path = SmartTutor.app; sourceTree = BUILT_PRODUCTS_DIR; };
		3856ACE32F2CA2DC00CC610B /* SmartTutorTests.xctest */ = {isa = PBXFileReference; explicitFileType = wrapper.cfbundle; includeInIndex = 0; path = SmartTutorTests.xctest; sourceTree = BUILT_PRODUCTS_DIR; };
		3856ACED2F2CA2DC00CC610B /* SmartTutorUITests.xctest */ = {isa = PBXFileReference; explicitFileType = wrapper.cfbundle; includeInIndex = 0; path = SmartTutorUITests.xctest; sourceTree = BUILT_PRODUCTS_DIR; };
		3856AD022F2CA36D00CC610B /* run-ios-sim.sh */ = {isa = PBXFileReference; lastKnownFileType = text.script.sh; path = "run-ios-sim.sh"; sourceTree = "<group>"; };
		3856AD0E2F2CA53C00CC610B /* SmartTutorApp.swift */ = {isa = PBXFileReference; lastKnownFileType = sourcecode.swift; path = SmartTutorApp.swift; sourceTree = "<group>"; };
		3856AD0F2F2CA55500CC610B /* RootView.swift */ = {isa = PBXFileReference; lastKnownFileType = sourcecode.swift; path = RootView.swift; sourceTree = "<group>"; };
		3856AD112F2CA57800CC610B /* CanvasSandboxView.swift */ = {isa = PBXFileReference; lastKnownFileType = sourcecode.swift; path = CanvasSandboxView.swift; sourceTree = "<group>"; };
		3856AD122F2CA71600CC610B /* ExercisesHomeView.swift */ = {isa = PBXFileReference; lastKnownFileType = sourcecode.swift; path = ExercisesHomeView.swift; sourceTree = "<group>"; };
		38E5B2602F489508004B0B2E /* AppConfig.swift */ = {isa = PBXFileReference; lastKnownFileType = sourcecode.swift; path = AppConfig.swift; sourceTree = "<group>"; };
		38E5B2622F48952C004B0B2E /* ChatMessage.swift */ = {isa = PBXFileReference; lastKnownFileType = sourcecode.swift; path = ChatMessage.swift; sourceTree = "<group>"; };
		38E5B2632F48952C004B0B2E /* TriangleAPI.swift */ = {isa = PBXFileReference; lastKnownFileType = sourcecode.swift; path = TriangleAPI.swift; sourceTree = "<group>"; };
		38E5B2642F48952C004B0B2E /* TriangleModels.swift */ = {isa = PBXFileReference; lastKnownFileType = sourcecode.swift; path = TriangleModels.swift; sourceTree = "<group>"; };
		38E5B2692F4899B9004B0B2E /* Color+App.swift */ = {isa = PBXFileReference; lastKnownFileType = sourcecode.swift; path = "Color+App.swift"; sourceTree = "<group>"; };
		38E5B2882F4899ED004B0B2E /* TriangleDiagramView.swift */ = {isa = PBXFileReference; lastKnownFileType = sourcecode.swift; path = TriangleDiagramView.swift; sourceTree = "<group>"; };
		38E5B28C2F48ACC0004B0B2E /* TriangleAIChecker.swift */ = {isa = PBXFileReference; lastKnownFileType = sourcecode.swift; path = TriangleAIChecker.swift; sourceTree = "<group>"; };
		38E5B28D2F48ACC0004B0B2E /* TriangleSnapshotter.swift */ = {isa = PBXFileReference; lastKnownFileType = sourcecode.swift; path = TriangleSnapshotter.swift; sourceTree = "<group>"; };
		38E5B2922F49D067004B0B2E /* VisionPipeline.swift */ = {isa = PBXFileReference; lastKnownFileType = sourcecode.swift; path = VisionPipeline.swift; sourceTree = "<group>"; };
		38E5B2A62F4D81AB004B0B2E /* CurriculumGraph.swift */ = {isa = PBXFileReference; lastKnownFileType = sourcecode.swift; path = CurriculumGraph.swift; sourceTree = "<group>"; };
		38E5B2A72F4D81AB004B0B2E /* MasteryEngine.swift */ = {isa = PBXFileReference; lastKnownFileType = sourcecode.swift; path = MasteryEngine.swift; sourceTree = "<group>"; };
		38E5B2A82F4D81AB004B0B2E /* StubQuestionProvider.swift */ = {isa = PBXFileReference; lastKnownFileType = sourcecode.swift; path = StubQuestionProvider.swift; sourceTree = "<group>"; };
		38E5B2AE2F4D81AB004B0B2E /* ValidatedLLMQuestionProvider.swift */ = {isa = PBXFileReference; lastKnownFileType = sourcecode.swift; path = ValidatedLLMQuestionProvider.swift; sourceTree = "<group>"; };
		38E5B2AC2F4D8804004B0B2E /* PRD.md */ = {isa = PBXFileReference; lastKnownFileType = net.daringfireball.markdown; path = PRD.md; sourceTree = "<group>"; };
		38F100112F50000100AA0001 /* LearnerSession.swift */ = {isa = PBXFileReference; lastKnownFileType = sourcecode.swift; path = LearnerSession.swift; sourceTree = "<group>"; };
		38F100122F50000100AA0001 /* LearnerSessionStore.swift */ = {isa = PBXFileReference; lastKnownFileType = sourcecode.swift; path = LearnerSessionStore.swift; sourceTree = "<group>"; };
		38F100132F50000100AA0001 /* OnboardingFlowView.swift */ = {isa = PBXFileReference; lastKnownFileType = sourcecode.swift; path = OnboardingFlowView.swift; sourceTree = "<group>"; };
		38F100142F50000100AA0001 /* GradeSelectionView.swift */ = {isa = PBXFileReference; lastKnownFileType = sourcecode.swift; path = GradeSelectionView.swift; sourceTree = "<group>"; };
		38F100152F50000100AA0001 /* TopicSelectionView.swift */ = {isa = PBXFileReference; lastKnownFileType = sourcecode.swift; path = TopicSelectionView.swift; sourceTree = "<group>"; };
/* End PBXFileReference section */

/* Begin PBXFileSystemSynchronizedRootGroup section */
		3856ACD82F2CA2DB00CC610B /* SmartTutor */ = {
			isa = PBXFileSystemSynchronizedRootGroup;
			path = SmartTutor;
			sourceTree = "<group>";
		};
		3856ACE62F2CA2DC00CC610B /* SmartTutorTests */ = {
			isa = PBXFileSystemSynchronizedRootGroup;
			path = SmartTutorTests;
			sourceTree = "<group>";
		};
		3856ACF02F2CA2DC00CC610B /* SmartTutorUITests */ = {
			isa = PBXFileSystemSynchronizedRootGroup;
			path = SmartTutorUITests;
			sourceTree = "<group>";
		};
/* End PBXFileSystemSynchronizedRootGroup section */

/* Begin PBXFrameworksBuildPhase section */
		3856ACD32F2CA2DB00CC610B /* Frameworks */ = {
			isa = PBXFrameworksBuildPhase;
			buildActionMask = 2147483647;
			files = (
			);
			runOnlyForDeploymentPostprocessing = 0;
		};
		3856ACE02F2CA2DC00CC610B /* Frameworks */ = {
			isa = PBXFrameworksBuildPhase;
			buildActionMask = 2147483647;
			files = (
			);
			runOnlyForDeploymentPostprocessing = 0;
		};
		3856ACEA2F2CA2DC00CC610B /* Frameworks */ = {
			isa = PBXFrameworksBuildPhase;
			buildActionMask = 2147483647;
			files = (
			);
			runOnlyForDeploymentPostprocessing = 0;
		};
/* End PBXFrameworksBuildPhase section */

/* Begin PBXGroup section */
		3856ACCD2F2CA2DB00CC610B = {
			isa = PBXGroup;
			children = (
				38E5B2AC2F4D8804004B0B2E /* PRD.md */,
				3856AD0A2F2CA47700CC610B /* Core */,
				3856AD062F2CA45500CC610B /* Features */,
				3856AD042F2CA42B00CC610B /* App */,
				3856AD022F2CA36D00CC610B /* run-ios-sim.sh */,
				3856ACD82F2CA2DB00CC610B /* SmartTutor */,
				3856ACE62F2CA2DC00CC610B /* SmartTutorTests */,
				3856ACF02F2CA2DC00CC610B /* SmartTutorUITests */,
				3856ACD72F2CA2DB00CC610B /* Products */,
			);
			sourceTree = "<group>";
		};
		3856ACD72F2CA2DB00CC610B /* Products */ = {
			isa = PBXGroup;
			children = (
				3856ACD62F2CA2DB00CC610B /* SmartTutor.app */,
				3856ACE32F2CA2DC00CC610B /* SmartTutorTests.xctest */,
				3856ACED2F2CA2DC00CC610B /* SmartTutorUITests.xctest */,
			);
			name = Products;
			sourceTree = "<group>";
		};
		3856AD042F2CA42B00CC610B /* App */ = {
			isa = PBXGroup;
			children = (
				38E5B2602F489508004B0B2E /* AppConfig.swift */,
				38E5B2692F4899B9004B0B2E /* Color+App.swift */,
				3856AD0F2F2CA55500CC610B /* RootView.swift */,
				38F100212F50000100AA0001 /* Session */,
				3856AD0E2F2CA53C00CC610B /* SmartTutorApp.swift */,
			);
			path = App;
			sourceTree = "<group>";
		};
		3856AD062F2CA45500CC610B /* Features */ = {
			isa = PBXGroup;
			children = (
				3856AD092F2CA46E00CC610B /* Chat */,
				3856AD082F2CA46700CC610B /* Canvas */,
				3856AD072F2CA45D00CC610B /* Exercises */,
				38F100222F50000100AA0001 /* Onboarding */,
			);
			path = Features;
			sourceTree = "<group>";
		};
		3856AD072F2CA45D00CC610B /* Exercises */ = {
			isa = PBXGroup;
			children = (
				3856AD122F2CA71600CC610B /* ExercisesHomeView.swift */,
			);
			path = Exercises;
			sourceTree = "<group>";
		};
		3856AD082F2CA46700CC610B /* Canvas */ = {
			isa = PBXGroup;
			children = (
				38E5B2A62F4D81AB004B0B2E /* CurriculumGraph.swift */,
				38E5B2A72F4D81AB004B0B2E /* MasteryEngine.swift */,
				38E5B2A82F4D81AB004B0B2E /* StubQuestionProvider.swift */,
				38E5B2AE2F4D81AB004B0B2E /* ValidatedLLMQuestionProvider.swift */,
				38E5B2922F49D067004B0B2E /* VisionPipeline.swift */,
				38E5B28C2F48ACC0004B0B2E /* TriangleAIChecker.swift */,
				38E5B28D2F48ACC0004B0B2E /* TriangleSnapshotter.swift */,
				38E5B2882F4899ED004B0B2E /* TriangleDiagramView.swift */,
				38E5B2622F48952C004B0B2E /* ChatMessage.swift */,
				38E5B2632F48952C004B0B2E /* TriangleAPI.swift */,
				38E5B2642F48952C004B0B2E /* TriangleModels.swift */,
				3856AD112F2CA57800CC610B /* CanvasSandboxView.swift */,
			);
			path = Canvas;
			sourceTree = "<group>";
		};
		3856AD092F2CA46E00CC610B /* Chat */ = {
			isa = PBXGroup;
			children = (
			);
			path = Chat;
			sourceTree = "<group>";
		};
		3856AD0A2F2CA47700CC610B /* Core */ = {
			isa = PBXGroup;
			children = (
				3856AD0D2F2CA48800CC610B /* Utilities */,
				3856AD0C2F2CA48200CC610B /* Services */,
				3856AD0B2F2CA47D00CC610B /* Models */,
			);
			path = Core;
			sourceTree = "<group>";
		};
		3856AD0B2F2CA47D00CC610B /* Models */ = {
			isa = PBXGroup;
			children = (
			);
			path = Models;
			sourceTree = "<group>";
		};
		3856AD0C2F2CA48200CC610B /* Services */ = {
			isa = PBXGroup;
			children = (
			);
			path = Services;
			sourceTree = "<group>";
		};
		3856AD0D2F2CA48800CC610B /* Utilities */ = {
			isa = PBXGroup;
			children = (
			);
			path = Utilities;
			sourceTree = "<group>";
		};
		38F100212F50000100AA0001 /* Session */ = {
			isa = PBXGroup;
			children = (
				38F100112F50000100AA0001 /* LearnerSession.swift */,
				38F100122F50000100AA0001 /* LearnerSessionStore.swift */,
			);
			path = Session;
			sourceTree = "<group>";
		};
		38F100222F50000100AA0001 /* Onboarding */ = {
			isa = PBXGroup;
			children = (
				38F100132F50000100AA0001 /* OnboardingFlowView.swift */,
				38F100142F50000100AA0001 /* GradeSelectionView.swift */,
				38F100152F50000100AA0001 /* TopicSelectionView.swift */,
			);
			path = Onboarding;
			sourceTree = "<group>";
		};
/* End PBXGroup section */

/* Begin PBXNativeTarget section */
		3856ACD52F2CA2DB00CC610B /* SmartTutor */ = {
			isa = PBXNativeTarget;
			buildConfigurationList = 3856ACF72F2CA2DC00CC610B /* Build configuration list for PBXNativeTarget "SmartTutor" */;
			buildPhases = (
				3856ACD22F2CA2DB00CC610B /* Sources */,
				3856ACD32F2CA2DB00CC610B /* Frameworks */,
				3856ACD42F2CA2DB00CC610B /* Resources */,
			);
			buildRules = (
			);
			dependencies = (
			);
			fileSystemSynchronizedGroups = (
				3856ACD82F2CA2DB00CC610B /* SmartTutor */,
			);
			name = SmartTutor;
			packageProductDependencies = (
			);
			productName = SmartTutor;
			productReference = 3856ACD62F2CA2DB00CC610B /* SmartTutor.app */;
			productType = "com.apple.product-type.application";
		};
		3856ACE22F2CA2DC00CC610B /* SmartTutorTests */ = {
			isa = PBXNativeTarget;
			buildConfigurationList = 3856ACFA2F2CA2DC00CC610B /* Build configuration list for PBXNativeTarget "SmartTutorTests" */;
			buildPhases = (
				3856ACDF2F2CA2DC00CC610B /* Sources */,
				3856ACE02F2CA2DC00CC610B /* Frameworks */,
				3856ACE12F2CA2DC00CC610B /* Resources */,
			);
			buildRules = (
			);
			dependencies = (
				3856ACE52F2CA2DC00CC610B /* PBXTargetDependency */,
			);
			fileSystemSynchronizedGroups = (
				3856ACE62F2CA2DC00CC610B /* SmartTutorTests */,
			);
			name = SmartTutorTests;
			packageProductDependencies = (
			);
			productName = SmartTutorTests;
			productReference = 3856ACE32F2CA2DC00CC610B /* SmartTutorTests.xctest */;
			productType = "com.apple.product-type.bundle.unit-test";
		};
		3856ACEC2F2CA2DC00CC610B /* SmartTutorUITests */ = {
			isa = PBXNativeTarget;
			buildConfigurationList = 3856ACFD2F2CA2DC00CC610B /* Build configuration list for PBXNativeTarget "SmartTutorUITests" */;
			buildPhases = (
				3856ACE92F2CA2DC00CC610B /* Sources */,
				3856ACEA2F2CA2DC00CC610B /* Frameworks */,
				3856ACEB2F2CA2DC00CC610B /* Resources */,
			);
			buildRules = (
			);
			dependencies = (
				3856ACEF2F2CA2DC00CC610B /* PBXTargetDependency */,
			);
			fileSystemSynchronizedGroups = (
				3856ACF02F2CA2DC00CC610B /* SmartTutorUITests */,
			);
			name = SmartTutorUITests;
			packageProductDependencies = (
			);
			productName = SmartTutorUITests;
			productReference = 3856ACED2F2CA2DC00CC610B /* SmartTutorUITests.xctest */;
			productType = "com.apple.product-type.bundle.ui-testing";
		};
/* End PBXNativeTarget section */

/* Begin PBXProject section */
		3856ACCE2F2CA2DB00CC610B /* Project object */ = {
			isa = PBXProject;
			attributes = {
				BuildIndependentTargetsInParallel = 1;
				LastSwiftUpdateCheck = 2620;
				LastUpgradeCheck = 2620;
				TargetAttributes = {
					3856ACD52F2CA2DB00CC610B = {
						CreatedOnToolsVersion = 26.2;
					};
					3856ACE22F2CA2DC00CC610B = {
						CreatedOnToolsVersion = 26.2;
						TestTargetID = 3856ACD52F2CA2DB00CC610B;
					};
					3856ACEC2F2CA2DC00CC610B = {
						CreatedOnToolsVersion = 26.2;
						TestTargetID = 3856ACD52F2CA2DB00CC610B;
					};
				};
			};
			buildConfigurationList = 3856ACD12F2CA2DB00CC610B /* Build configuration list for PBXProject "SmartTutor" */;
			developmentRegion = en;
			hasScannedForEncodings = 0;
			knownRegions = (
				en,
				Base,
			);
			mainGroup = 3856ACCD2F2CA2DB00CC610B;
			minimizedProjectReferenceProxies = 1;
			preferredProjectObjectVersion = 77;
			productRefGroup = 3856ACD72F2CA2DB00CC610B /* Products */;
			projectDirPath = "";
			projectRoot = "";
			targets = (
				3856ACD52F2CA2DB00CC610B /* SmartTutor */,
				3856ACE22F2CA2DC00CC610B /* SmartTutorTests */,
				3856ACEC2F2CA2DC00CC610B /* SmartTutorUITests */,
			);
		};
/* End PBXProject section */

/* Begin PBXResourcesBuildPhase section */
		3856ACD42F2CA2DB00CC610B /* Resources */ = {
			isa = PBXResourcesBuildPhase;
			buildActionMask = 2147483647;
			files = (
				3856AD032F2CA37700CC610B /* run-ios-sim.sh in Resources */,
				38E5B2AD2F4D8804004B0B2E /* PRD.md in Resources */,
			);
			runOnlyForDeploymentPostprocessing = 0;
		};
		3856ACE12F2CA2DC00CC610B /* Resources */ = {
			isa = PBXResourcesBuildPhase;
			buildActionMask = 2147483647;
			files = (
			);
			runOnlyForDeploymentPostprocessing = 0;
		};
		3856ACEB2F2CA2DC00CC610B /* Resources */ = {
			isa = PBXResourcesBuildPhase;
			buildActionMask = 2147483647;
			files = (
			);
			runOnlyForDeploymentPostprocessing = 0;
		};
/* End PBXResourcesBuildPhase section */

/* Begin PBXSourcesBuildPhase section */
		3856ACD22F2CA2DB00CC610B /* Sources */ = {
			isa = PBXSourcesBuildPhase;
			buildActionMask = 2147483647;
			files = (
				38F100012F50000100AA0001 /* LearnerSession.swift in Sources */,
				38F100022F50000100AA0001 /* LearnerSessionStore.swift in Sources */,
				38F100032F50000100AA0001 /* OnboardingFlowView.swift in Sources */,
				38F100042F50000100AA0001 /* GradeSelectionView.swift in Sources */,
				38F100052F50000100AA0001 /* TopicSelectionView.swift in Sources */,
				38E5B2652F48952C004B0B2E /* TriangleModels.swift in Sources */,
				38E5B2932F49D067004B0B2E /* VisionPipeline.swift in Sources */,
				38E5B2662F48952C004B0B2E /* ChatMessage.swift in Sources */,
				38E5B2672F48952C004B0B2E /* TriangleAPI.swift in Sources */,
				3856AD172F2DD48900CC610B /* CanvasSandboxView.swift in Sources */,
				38E5B2682F4899B9004B0B2E /* Color+App.swift in Sources */,
				38E5B2612F489508004B0B2E /* AppConfig.swift in Sources */,
				3856AD182F2DD48E00CC610B /* ExercisesHomeView.swift in Sources */,
				38E5B28E2F48ACC0004B0B2E /* TriangleSnapshotter.swift in Sources */,
				38E5B2A92F4D81AB004B0B2E /* CurriculumGraph.swift in Sources */,
				38E5B2AA2F4D81AB004B0B2E /* MasteryEngine.swift in Sources */,
				38E5B2AB2F4D81AB004B0B2E /* StubQuestionProvider.swift in Sources */,
				38E5B2AF2F4D81AB004B0B2E /* ValidatedLLMQuestionProvider.swift in Sources */,
				38E5B28F2F48ACC0004B0B2E /* TriangleAIChecker.swift in Sources */,
				3856AD162F2DD48400CC610B /* SmartTutorApp.swift in Sources */,
				38E5B2892F4899ED004B0B2E /* TriangleDiagramView.swift in Sources */,
				3856AD152F2DD47E00CC610B /* RootView.swift in Sources */,
			);
			runOnlyForDeploymentPostprocessing = 0;
		};
		3856ACDF2F2CA2DC00CC610B /* Sources */ = {
			isa = PBXSourcesBuildPhase;
			buildActionMask = 2147483647;
			files = (
			);
			runOnlyForDeploymentPostprocessing = 0;
		};
		3856ACE92F2CA2DC00CC610B /* Sources */ = {
			isa = PBXSourcesBuildPhase;
			buildActionMask = 2147483647;
			files = (
			);
			runOnlyForDeploymentPostprocessing = 0;
		};
/* End PBXSourcesBuildPhase section */

/* Begin PBXTargetDependency section */
		3856ACE52F2CA2DC00CC610B /* PBXTargetDependency */ = {
			isa = PBXTargetDependency;
			target = 3856ACD52F2CA2DB00CC610B /* SmartTutor */;
			targetProxy = 3856ACE42F2CA2DC00CC610B /* PBXContainerItemProxy */;
		};
		3856ACEF2F2CA2DC00CC610B /* PBXTargetDependency */ = {
			isa = PBXTargetDependency;
			target = 3856ACD52F2CA2DB00CC610B /* SmartTutor */;
			targetProxy = 3856ACEE2F2CA2DC00CC610B /* PBXContainerItemProxy */;
		};
/* End PBXTargetDependency section */

/* Begin XCBuildConfiguration section */
		3856ACF52F2CA2DC00CC610B /* Debug */ = {
			isa = XCBuildConfiguration;
			buildSettings = {
				ALWAYS_SEARCH_USER_PATHS = NO;
				ASSETCATALOG_COMPILER_GENERATE_SWIFT_ASSET_SYMBOL_EXTENSIONS = YES;
				CLANG_ANALYZER_NONNULL = YES;
				CLANG_ANALYZER_NUMBER_OBJECT_CONVERSION = YES_AGGRESSIVE;
				CLANG_CXX_LANGUAGE_STANDARD = "gnu++20";
				CLANG_ENABLE_MODULES = YES;
				CLANG_ENABLE_OBJC_ARC = YES;
				CLANG_ENABLE_OBJC_WEAK = YES;
				CLANG_WARN_BLOCK_CAPTURE_AUTORELEASING = YES;
				CLANG_WARN_BOOL_CONVERSION = YES;
				CLANG_WARN_COMMA = YES;
				CLANG_WARN_CONSTANT_CONVERSION = YES;
				CLANG_WARN_DEPRECATED_OBJC_IMPLEMENTATIONS = YES;
				CLANG_WARN_DIRECT_OBJC_ISA_USAGE = YES_ERROR;
				CLANG_WARN_DOCUMENTATION_COMMENTS = YES;
				CLANG_WARN_EMPTY_BODY = YES;
				CLANG_WARN_ENUM_CONVERSION = YES;
				CLANG_WARN_INFINITE_RECURSION = YES;
				CLANG_WARN_INT_CONVERSION = YES;
				CLANG_WARN_NON_LITERAL_NULL_CONVERSION = YES;
				CLANG_WARN_OBJC_IMPLICIT_RETAIN_SELF = YES;
				CLANG_WARN_OBJC_LITERAL_CONVERSION = YES;
				CLANG_WARN_OBJC_ROOT_CLASS = YES_ERROR;
				CLANG_WARN_QUOTED_INCLUDE_IN_FRAMEWORK_HEADER = YES;
				CLANG_WARN_RANGE_LOOP_ANALYSIS = YES;
				CLANG_WARN_STRICT_PROTOTYPES = YES;
				CLANG_WARN_SUSPICIOUS_MOVE = YES;
				CLANG_WARN_UNGUARDED_AVAILABILITY = YES_AGGRESSIVE;
				CLANG_WARN_UNREACHABLE_CODE = YES;
				CLANG_WARN__DUPLICATE_METHOD_MATCH = YES;
				COPY_PHASE_STRIP = NO;
				DEBUG_INFORMATION_FORMAT = dwarf;
				ENABLE_STRICT_OBJC_MSGSEND = YES;
				ENABLE_TESTABILITY = YES;
				ENABLE_USER_SCRIPT_SANDBOXING = YES;
				GCC_C_LANGUAGE_STANDARD = gnu17;
				GCC_DYNAMIC_NO_PIC = NO;
				GCC_NO_COMMON_BLOCKS = YES;
				GCC_OPTIMIZATION_LEVEL = 0;
				GCC_PREPROCESSOR_DEFINITIONS = (
					"DEBUG=1",
					"$(inherited)",
				);
				GCC_WARN_64_TO_32_BIT_CONVERSION = YES;
				GCC_WARN_ABOUT_RETURN_TYPE = YES_ERROR;
				GCC_WARN_UNDECLARED_SELECTOR = YES;
				GCC_WARN_UNINITIALIZED_AUTOS = YES_AGGRESSIVE;
				GCC_WARN_UNUSED_FUNCTION = YES;
				GCC_WARN_UNUSED_VARIABLE = YES;
				LOCALIZATION_PREFERS_STRING_CATALOGS = YES;
				MTL_ENABLE_DEBUG_INFO = INCLUDE_SOURCE;
				MTL_FAST_MATH = YES;
				ONLY_ACTIVE_ARCH = YES;
				SWIFT_ACTIVE_COMPILATION_CONDITIONS = "DEBUG $(inherited)";
				SWIFT_OPTIMIZATION_LEVEL = "-Onone";
			};
			name = Debug;
		};
		3856ACF62F2CA2DC00CC610B /* Release */ = {
			isa = XCBuildConfiguration;
			buildSettings = {
				ALWAYS_SEARCH_USER_PATHS = NO;
				ASSETCATALOG_COMPILER_GENERATE_SWIFT_ASSET_SYMBOL_EXTENSIONS = YES;
				CLANG_ANALYZER_NONNULL = YES;
				CLANG_ANALYZER_NUMBER_OBJECT_CONVERSION = YES_AGGRESSIVE;
				CLANG_CXX_LANGUAGE_STANDARD = "gnu++20";
				CLANG_ENABLE_MODULES = YES;
				CLANG_ENABLE_OBJC_ARC = YES;
				CLANG_ENABLE_OBJC_WEAK = YES;
				CLANG_WARN_BLOCK_CAPTURE_AUTORELEASING = YES;
				CLANG_WARN_BOOL_CONVERSION = YES;
				CLANG_WARN_COMMA = YES;
				CLANG_WARN_CONSTANT_CONVERSION = YES;
				CLANG_WARN_DEPRECATED_OBJC_IMPLEMENTATIONS = YES;
				CLANG_WARN_DIRECT_OBJC_ISA_USAGE = YES_ERROR;
				CLANG_WARN_DOCUMENTATION_COMMENTS = YES;
				CLANG_WARN_EMPTY_BODY = YES;
				CLANG_WARN_ENUM_CONVERSION = YES;
				CLANG_WARN_INFINITE_RECURSION = YES;
				CLANG_WARN_INT_CONVERSION = YES;
				CLANG_WARN_NON_LITERAL_NULL_CONVERSION = YES;
				CLANG_WARN_OBJC_IMPLICIT_RETAIN_SELF = YES;
				CLANG_WARN_OBJC_LITERAL_CONVERSION = YES;
				CLANG_WARN_OBJC_ROOT_CLASS = YES_ERROR;
				CLANG_WARN_QUOTED_INCLUDE_IN_FRAMEWORK_HEADER = YES;
				CLANG_WARN_RANGE_LOOP_ANALYSIS = YES;
				CLANG_WARN_STRICT_PROTOTYPES = YES;
				CLANG_WARN_SUSPICIOUS_MOVE = YES;
				CLANG_WARN_UNGUARDED_AVAILABILITY = YES_AGGRESSIVE;
				CLANG_WARN_UNREACHABLE_CODE = YES;
				CLANG_WARN__DUPLICATE_METHOD_MATCH = YES;
				COPY_PHASE_STRIP = NO;
				DEBUG_INFORMATION_FORMAT = "dwarf-with-dsym";
				ENABLE_NS_ASSERTIONS = NO;
				ENABLE_STRICT_OBJC_MSGSEND = YES;
				ENABLE_USER_SCRIPT_SANDBOXING = YES;
				GCC_C_LANGUAGE_STANDARD = gnu17;
				GCC_NO_COMMON_BLOCKS = YES;
				GCC_WARN_64_TO_32_BIT_CONVERSION = YES;
				GCC_WARN_ABOUT_RETURN_TYPE = YES_ERROR;
				GCC_WARN_UNDECLARED_SELECTOR = YES;
				GCC_WARN_UNINITIALIZED_AUTOS = YES_AGGRESSIVE;
				GCC_WARN_UNUSED_FUNCTION = YES;
				GCC_WARN_UNUSED_VARIABLE = YES;
				LOCALIZATION_PREFERS_STRING_CATALOGS = YES;
				MTL_ENABLE_DEBUG_INFO = NO;
				MTL_FAST_MATH = YES;
				SWIFT_COMPILATION_MODE = wholemodule;
			};
			name = Release;
		};
		3856ACF82F2CA2DC00CC610B /* Debug */ = {
			isa = XCBuildConfiguration;
			buildSettings = {
				ASSETCATALOG_COMPILER_APPICON_NAME = AppIcon;
				ASSETCATALOG_COMPILER_GLOBAL_ACCENT_COLOR_NAME = AccentColor;
				CODE_SIGN_STYLE = Automatic;
				CURRENT_PROJECT_VERSION = 1;
				ENABLE_APP_SANDBOX = YES;
				ENABLE_PREVIEWS = YES;
				ENABLE_USER_SELECTED_FILES = readonly;
				GENERATE_INFOPLIST_FILE = YES;
				"INFOPLIST_KEY_UIApplicationSceneManifest_Generation[sdk=iphoneos*]" = YES;
				"INFOPLIST_KEY_UIApplicationSceneManifest_Generation[sdk=iphonesimulator*]" = YES;
				"INFOPLIST_KEY_UIApplicationSupportsIndirectInputEvents[sdk=iphoneos*]" = YES;
				"INFOPLIST_KEY_UIApplicationSupportsIndirectInputEvents[sdk=iphonesimulator*]" = YES;
				"INFOPLIST_KEY_UILaunchScreen_Generation[sdk=iphoneos*]" = YES;
				"INFOPLIST_KEY_UILaunchScreen_Generation[sdk=iphonesimulator*]" = YES;
				"INFOPLIST_KEY_UIStatusBarStyle[sdk=iphoneos*]" = UIStatusBarStyleDefault;
				"INFOPLIST_KEY_UIStatusBarStyle[sdk=iphonesimulator*]" = UIStatusBarStyleDefault;
				INFOPLIST_KEY_UISupportedInterfaceOrientations_iPad = "UIInterfaceOrientationPortrait UIInterfaceOrientationPortraitUpsideDown UIInterfaceOrientationLandscapeLeft UIInterfaceOrientationLandscapeRight";
				INFOPLIST_KEY_UISupportedInterfaceOrientations_iPhone = "UIInterfaceOrientationPortrait UIInterfaceOrientationLandscapeLeft UIInterfaceOrientationLandscapeRight";
				IPHONEOS_DEPLOYMENT_TARGET = 26.2;
				LD_RUNPATH_SEARCH_PATHS = "@executable_path/Frameworks";
				"LD_RUNPATH_SEARCH_PATHS[sdk=macosx*]" = "@executable_path/../Frameworks";
				MACOSX_DEPLOYMENT_TARGET = 26.2;
				MARKETING_VERSION = 1.0;
				PRODUCT_BUNDLE_IDENTIFIER = com.SmartTutor;
				PRODUCT_NAME = "$(TARGET_NAME)";
				REGISTER_APP_GROUPS = YES;
				SDKROOT = auto;
				STRING_CATALOG_GENERATE_SYMBOLS = YES;
				SUPPORTED_PLATFORMS = "iphoneos iphonesimulator macosx xros xrsimulator";
				SWIFT_APPROACHABLE_CONCURRENCY = YES;
				SWIFT_DEFAULT_ACTOR_ISOLATION = MainActor;
				SWIFT_EMIT_LOC_STRINGS = YES;
				SWIFT_UPCOMING_FEATURE_MEMBER_IMPORT_VISIBILITY = YES;
				SWIFT_VERSION = 5.0;
				TARGETED_DEVICE_FAMILY = "1,2,7";
				XROS_DEPLOYMENT_TARGET = 26.2;
			};
			name = Debug;
		};
		3856ACF92F2CA2DC00CC610B /* Release */ = {
			isa = XCBuildConfiguration;
			buildSettings = {
				ASSETCATALOG_COMPILER_APPICON_NAME = AppIcon;
				ASSETCATALOG_COMPILER_GLOBAL_ACCENT_COLOR_NAME = AccentColor;
				CODE_SIGN_STYLE = Automatic;
				CURRENT_PROJECT_VERSION = 1;
				ENABLE_APP_SANDBOX = YES;
				ENABLE_PREVIEWS = YES;
				ENABLE_USER_SELECTED_FILES = readonly;
				GENERATE_INFOPLIST_FILE = YES;
				"INFOPLIST_KEY_UIApplicationSceneManifest_Generation[sdk=iphoneos*]" = YES;
				"INFOPLIST_KEY_UIApplicationSceneManifest_Generation[sdk=iphonesimulator*]" = YES;
				"INFOPLIST_KEY_UIApplicationSupportsIndirectInputEvents[sdk=iphoneos*]" = YES;
				"INFOPLIST_KEY_UIApplicationSupportsIndirectInputEvents[sdk=iphonesimulator*]" = YES;
				"INFOPLIST_KEY_UILaunchScreen_Generation[sdk=iphoneos*]" = YES;
				"INFOPLIST_KEY_UILaunchScreen_Generation[sdk=iphonesimulator*]" = YES;
				"INFOPLIST_KEY_UIStatusBarStyle[sdk=iphoneos*]" = UIStatusBarStyleDefault;
				"INFOPLIST_KEY_UIStatusBarStyle[sdk=iphonesimulator*]" = UIStatusBarStyleDefault;
				INFOPLIST_KEY_UISupportedInterfaceOrientations_iPad = "UIInterfaceOrientationPortrait UIInterfaceOrientationPortraitUpsideDown UIInterfaceOrientationLandscapeLeft UIInterfaceOrientationLandscapeRight";
				INFOPLIST_KEY_UISupportedInterfaceOrientations_iPhone = "UIInterfaceOrientationPortrait UIInterfaceOrientationLandscapeLeft UIInterfaceOrientationLandscapeRight";
				IPHONEOS_DEPLOYMENT_TARGET = 26.2;
				LD_RUNPATH_SEARCH_PATHS = "@executable_path/Frameworks";
				"LD_RUNPATH_SEARCH_PATHS[sdk=macosx*]" = "@executable_path/../Frameworks";
				MACOSX_DEPLOYMENT_TARGET = 26.2;
				MARKETING_VERSION = 1.0;
				PRODUCT_BUNDLE_IDENTIFIER = com.SmartTutor;
				PRODUCT_NAME = "$(TARGET_NAME)";
				REGISTER_APP_GROUPS = YES;
				SDKROOT = auto;
				STRING_CATALOG_GENERATE_SYMBOLS = YES;
				SUPPORTED_PLATFORMS = "iphoneos iphonesimulator macosx xros xrsimulator";
				SWIFT_APPROACHABLE_CONCURRENCY = YES;
				SWIFT_DEFAULT_ACTOR_ISOLATION = MainActor;
				SWIFT_EMIT_LOC_STRINGS = YES;
				SWIFT_UPCOMING_FEATURE_MEMBER_IMPORT_VISIBILITY = YES;
				SWIFT_VERSION = 5.0;
				TARGETED_DEVICE_FAMILY = "1,2,7";
				XROS_DEPLOYMENT_TARGET = 26.2;
			};
			name = Release;
		};
		3856ACFB2F2CA2DC00CC610B /* Debug */ = {
			isa = XCBuildConfiguration;
			buildSettings = {
				BUNDLE_LOADER = "$(TEST_HOST)";
				CODE_SIGN_STYLE = Automatic;
				CURRENT_PROJECT_VERSION = 1;
				GENERATE_INFOPLIST_FILE = YES;
				IPHONEOS_DEPLOYMENT_TARGET = 26.2;
				MACOSX_DEPLOYMENT_TARGET = 26.2;
				MARKETING_VERSION = 1.0;
				PRODUCT_BUNDLE_IDENTIFIER = com.SmartTutorTests;
				PRODUCT_NAME = "$(TARGET_NAME)";
				SDKROOT = auto;
				STRING_CATALOG_GENERATE_SYMBOLS = NO;
				SUPPORTED_PLATFORMS = "iphoneos iphonesimulator macosx xros xrsimulator";
				SWIFT_APPROACHABLE_CONCURRENCY = YES;
				SWIFT_EMIT_LOC_STRINGS = NO;
				SWIFT_UPCOMING_FEATURE_MEMBER_IMPORT_VISIBILITY = YES;
				SWIFT_VERSION = 5.0;
				TARGETED_DEVICE_FAMILY = "1,2,7";
				TEST_HOST = "$(BUILT_PRODUCTS_DIR)/SmartTutor.app/$(BUNDLE_EXECUTABLE_FOLDER_PATH)/SmartTutor";
				XROS_DEPLOYMENT_TARGET = 26.2;
			};
			name = Debug;
		};
		3856ACFC2F2CA2DC00CC610B /* Release */ = {
			isa = XCBuildConfiguration;
			buildSettings = {
				BUNDLE_LOADER = "$(TEST_HOST)";
				CODE_SIGN_STYLE = Automatic;
				CURRENT_PROJECT_VERSION = 1;
				GENERATE_INFOPLIST_FILE = YES;
				IPHONEOS_DEPLOYMENT_TARGET = 26.2;
				MACOSX_DEPLOYMENT_TARGET = 26.2;
				MARKETING_VERSION = 1.0;
				PRODUCT_BUNDLE_IDENTIFIER = com.SmartTutorTests;
				PRODUCT_NAME = "$(TARGET_NAME)";
				SDKROOT = auto;
				STRING_CATALOG_GENERATE_SYMBOLS = NO;
				SUPPORTED_PLATFORMS = "iphoneos iphonesimulator macosx xros xrsimulator";
				SWIFT_APPROACHABLE_CONCURRENCY = YES;
				SWIFT_EMIT_LOC_STRINGS = NO;
				SWIFT_UPCOMING_FEATURE_MEMBER_IMPORT_VISIBILITY = YES;
				SWIFT_VERSION = 5.0;
				TARGETED_DEVICE_FAMILY = "1,2,7";
				TEST_HOST = "$(BUILT_PRODUCTS_DIR)/SmartTutor.app/$(BUNDLE_EXECUTABLE_FOLDER_PATH)/SmartTutor";
				XROS_DEPLOYMENT_TARGET = 26.2;
			};
			name = Release;
		};
		3856ACFE2F2CA2DC00CC610B /* Debug */ = {
			isa = XCBuildConfiguration;
			buildSettings = {
				CODE_SIGN_STYLE = Automatic;
				CURRENT_PROJECT_VERSION = 1;
				GENERATE_INFOPLIST_FILE = YES;
				IPHONEOS_DEPLOYMENT_TARGET = 26.2;
				MACOSX_DEPLOYMENT_TARGET = 26.2;
				MARKETING_VERSION = 1.0;
				PRODUCT_BUNDLE_IDENTIFIER = com.SmartTutorUITests;
				PRODUCT_NAME = "$(TARGET_NAME)";
				SDKROOT = auto;
				STRING_CATALOG_GENERATE_SYMBOLS = NO;
				SUPPORTED_PLATFORMS = "iphoneos iphonesimulator macosx xros xrsimulator";
				SWIFT_APPROACHABLE_CONCURRENCY = YES;
				SWIFT_EMIT_LOC_STRINGS = NO;
				SWIFT_UPCOMING_FEATURE_MEMBER_IMPORT_VISIBILITY = YES;
				SWIFT_VERSION = 5.0;
				TARGETED_DEVICE_FAMILY = "1,2,7";
				TEST_TARGET_NAME = SmartTutor;
				XROS_DEPLOYMENT_TARGET = 26.2;
			};
			name = Debug;
		};
		3856ACFF2F2CA2DC00CC610B /* Release */ = {
			isa = XCBuildConfiguration;
			buildSettings = {
				CODE_SIGN_STYLE = Automatic;
				CURRENT_PROJECT_VERSION = 1;
				GENERATE_INFOPLIST_FILE = YES;
				IPHONEOS_DEPLOYMENT_TARGET = 26.2;
				MACOSX_DEPLOYMENT_TARGET = 26.2;
				MARKETING_VERSION = 1.0;
				PRODUCT_BUNDLE_IDENTIFIER = com.SmartTutorUITests;
				PRODUCT_NAME = "$(TARGET_NAME)";
				SDKROOT = auto;
				STRING_CATALOG_GENERATE_SYMBOLS = NO;
				SUPPORTED_PLATFORMS = "iphoneos iphonesimulator macosx xros xrsimulator";
				SWIFT_APPROACHABLE_CONCURRENCY = YES;
				SWIFT_EMIT_LOC_STRINGS = NO;
				SWIFT_UPCOMING_FEATURE_MEMBER_IMPORT_VISIBILITY = YES;
				SWIFT_VERSION = 5.0;
				TARGETED_DEVICE_FAMILY = "1,2,7";
				TEST_TARGET_NAME = SmartTutor;
				XROS_DEPLOYMENT_TARGET = 26.2;
			};
			name = Release;
		};
/* End XCBuildConfiguration section */

/* Begin XCConfigurationList section */
		3856ACD12F2CA2DB00CC610B /* Build configuration list for PBXProject "SmartTutor" */ = {
			isa = XCConfigurationList;
			buildConfigurations = (
				3856ACF52F2CA2DC00CC610B /* Debug */,
				3856ACF62F2CA2DC00CC610B /* Release */,
			);
			defaultConfigurationIsVisible = 0;
			defaultConfigurationName = Release;
		};
		3856ACF72F2CA2DC00CC610B /* Build configuration list for PBXNativeTarget "SmartTutor" */ = {
			isa = XCConfigurationList;
			buildConfigurations = (
				3856ACF82F2CA2DC00CC610B /* Debug */,
				3856ACF92F2CA2DC00CC610B /* Release */,
			);
			defaultConfigurationIsVisible = 0;
			defaultConfigurationName = Release;
		};
		3856ACFA2F2CA2DC00CC610B /* Build configuration list for PBXNativeTarget "SmartTutorTests" */ = {
			isa = XCConfigurationList;
			buildConfigurations = (
				3856ACFB2F2CA2DC00CC610B /* Debug */,
				3856ACFC2F2CA2DC00CC610B /* Release */,
			);
			defaultConfigurationIsVisible = 0;
			defaultConfigurationName = Release;
		};
		3856ACFD2F2CA2DC00CC610B /* Build configuration list for PBXNativeTarget "SmartTutorUITests" */ = {
			isa = XCConfigurationList;
			buildConfigurations = (
				3856ACFE2F2CA2DC00CC610B /* Debug */,
				3856ACFF2F2CA2DC00CC610B /* Release */,
			);
			defaultConfigurationIsVisible = 0;
			defaultConfigurationName = Release;
		};
/* End XCConfigurationList section */
	};
	rootObject = 3856ACCE2F2CA2DB00CC610B /* Project object */;
}
